{
  "name": "functions",
  "version": "0.0.0",
  "lockfileVersion": 1,
  "requires": true,
  "dependencies": {
    "bfastnode": {
      "version": "4.0.11",
      "resolved": "https://registry.npmjs.org/bfastnode/-/bfastnode-4.0.11.tgz",
      "integrity": "sha512-EJcmC9flre4ZKDlrGFUVwvP75Om36EfHwlw5br+oETDdzxnSIu8XlmBDKbpdQDU1e9rwmVZgcIZP6TQVK/mBUA=="
    }
  }
}
